
Microsoft Visual Studio Solution File, Format Version 12.00
# Visual Studio 15
VisualStudioVersion = 15.0.28010.2026
MinimumVisualStudioVersion = 10.0.40219.1
Project("{FAE04EC0-301F-11D3-BF4B-00C04F79EFBC}") = "Rrhh.Api", "Rrhh.Api\Rrhh.Api.csproj", "{BF876062-3EC5-45FB-9C2B-2691264AE641}"
EndProject
Project("{FAE04EC0-301F-11D3-BF4B-00C04F79EFBC}") = "Rrhh.AppService", "Rrhh.AppService\Rrhh.AppService.csproj", "{5231420B-0A9A-48A7-8533-E0D62D7503B2}"
EndProject
Project("{FAE04EC0-301F-11D3-BF4B-00C04F79EFBC}") = "Rrhh.Model", "Rrhh.Model\Rrhh.Model.csproj", "{308CE48E-5D20-4067-ACD2-CED0026A198B}"
EndProject
Project("{FAE04EC0-301F-11D3-BF4B-00C04F79EFBC}") = "Rrhh.Repository", "Rrhh.Repository\Rrhh.Repository.csproj", "{8542A2D7-7417-4CC3-84CA-9C6E7956E7D8}"
EndProject
Global
	GlobalSection(SolutionConfigurationPlatforms) = preSolution
		Debug|Any CPU = Debug|Any CPU
		Release|Any CPU = Release|Any CPU
	EndGlobalSection
	GlobalSection(ProjectConfigurationPlatforms) = postSolution
		{BF876062-3EC5-45FB-9C2B-2691264AE641}.Debug|Any CPU.ActiveCfg = Debug|Any CPU
		{BF876062-3EC5-45FB-9C2B-2691264AE641}.Debug|Any CPU.Build.0 = Debug|Any CPU
		{BF876062-3EC5-45FB-9C2B-2691264AE641}.Release|Any CPU.ActiveCfg = Release|Any CPU
		{BF876062-3EC5-45FB-9C2B-2691264AE641}.Release|Any CPU.Build.0 = Release|Any CPU
		{5231420B-0A9A-48A7-8533-E0D62D7503B2}.Debug|Any CPU.ActiveCfg = Debug|Any CPU
		{5231420B-0A9A-48A7-8533-E0D62D7503B2}.Debug|Any CPU.Build.0 = Debug|Any CPU
		{5231420B-0A9A-48A7-8533-E0D62D7503B2}.Release|Any CPU.ActiveCfg = Release|Any CPU
		{5231420B-0A9A-48A7-8533-E0D62D7503B2}.Release|Any CPU.Build.0 = Release|Any CPU
		{308CE48E-5D20-4067-ACD2-CED0026A198B}.Debug|Any CPU.ActiveCfg = Debug|Any CPU
		{308CE48E-5D20-4067-ACD2-CED0026A198B}.Debug|Any CPU.Build.0 = Debug|Any CPU
		{308CE48E-5D20-4067-ACD2-CED0026A198B}.Release|Any CPU.ActiveCfg = Release|Any CPU
		{308CE48E-5D20-4067-ACD2-CED0026A198B}.Release|Any CPU.Build.0 = Release|Any CPU
		{8542A2D7-7417-4CC3-84CA-9C6E7956E7D8}.Debug|Any CPU.ActiveCfg = Debug|Any CPU
		{8542A2D7-7417-4CC3-84CA-9C6E7956E7D8}.Debug|Any CPU.Build.0 = Debug|Any CPU
		{8542A2D7-7417-4CC3-84CA-9C6E7956E7D8}.Release|Any CPU.ActiveCfg = Release|Any CPU
		{8542A2D7-7417-4CC3-84CA-9C6E7956E7D8}.Release|Any CPU.Build.0 = Release|Any CPU
	EndGlobalSection
	GlobalSection(SolutionProperties) = preSolution
		HideSolutionNode = FALSE
	EndGlobalSection
	GlobalSection(ExtensibilityGlobals) = postSolution
		SolutionGuid = {BC46F59F-57CA-4519-992E-7C81567CC0C0}
	EndGlobalSection
	GlobalSection(TeamFoundationVersionControl) = preSolution
		SccNumberOfProjects = 5
		SccEnterpriseProvider = {4CA58AB2-18FA-4F8D-95D4-32DDF27D184C}
		SccTeamFoundationServer = https://ntcd.visualstudio.com/
		SccLocalPath0 = .
		SccProjectUniqueName1 = Rrhh.Api\\Rrhh.Api.csproj
		SccProjectName1 = Rrhh.Api
		SccLocalPath1 = Rrhh.Api
		SccProjectUniqueName2 = Rrhh.AppService\\Rrhh.AppService.csproj
		SccProjectName2 = Rrhh.AppService
		SccLocalPath2 = Rrhh.AppService
		SccProjectUniqueName3 = Rrhh.Model\\Rrhh.Model.csproj
		SccProjectName3 = Rrhh.Model
		SccLocalPath3 = Rrhh.Model
		SccProjectUniqueName4 = Rrhh.Repository\\Rrhh.Repository.csproj
		SccProjectName4 = Rrhh.Repository
		SccLocalPath4 = Rrhh.Repository
	EndGlobalSection
EndGlobal
